github.com/parakeet-nest/parakeet v0.0.1 h1:vuzHJ8FHH00+hW7kutV+SkY3LgIUlcvlBqfolHEyFDs=
github.com/parakeet-nest/parakeet v0.0.1/go.mod h1:QN1kPH3LuNXiZciu8O7EFxo7R7aIFF0HVLMWfpivVNo=
github.com/parakeet-nest/parakeet v0.0.6 h1:ZzN5HfewmSJ3WWtpNebIDVbef3WFTBAfFDULz6x17iQ=
github.com/parakeet-nest/parakeet v0.0.6/go.mod h1:5E1PE9lVrHjnwAPbpwcSYJCKlgUnkVmWFj3m3ZsfKX0=
go.etcd.io/bbolt v1.3.10/go.mod h1:bK3UQLPJZly7IlNmV7uVHJDxfe5aK9Ll93e/74Y9oEQ=
golang.org/x/sys v0.4.0/go.mod h1:oPkhp1MJrh7nUepCBck5+mAzfO9JrbApNNgaTdGDITg=
